
Microsoft Visual Studio Solution File, Format Version 12.00
# Visual Studio 2013
VisualStudioVersion = 12.0.31101.0
MinimumVisualStudioVersion = 10.0.40219.1
Project("{FAE04EC0-301F-11D3-BF4B-00C04F79EFBC}") = "TaskCreator", "TaskCreator\TaskCreator.csproj", "{0A5EB258-D6AC-4A73-A3A6-8D04E34314DB}"
EndProject
Project("{FAE04EC0-301F-11D3-BF4B-00C04F79EFBC}") = "TaskCreatorDemo", "TaskCreatorDemo\TaskCreatorDemo.csproj", "{2D45E9A3-63FE-4B8D-82DE-DAB074D46B58}"
EndProject
Project("{2150E333-8FDC-42A3-9474-1A3956D46DE8}") = "Solution Items", "Solution Items", "{0D2C95E8-CA5B-46A7-AD4B-D8B9463BE1E6}"
	ProjectSection(SolutionItems) = preProject
		LICENSE.md = LICENSE.md
		README.md = README.md
	EndProjectSection
EndProject
Global
	GlobalSection(SolutionConfigurationPlatforms) = preSolution
		Debug|Any CPU = Debug|Any CPU
		Release|Any CPU = Release|Any CPU
	EndGlobalSection
	GlobalSection(ProjectConfigurationPlatforms) = postSolution
		{0A5EB258-D6AC-4A73-A3A6-8D04E34314DB}.Debug|Any CPU.ActiveCfg = Debug|Any CPU
		{0A5EB258-D6AC-4A73-A3A6-8D04E34314DB}.Debug|Any CPU.Build.0 = Debug|Any CPU
		{0A5EB258-D6AC-4A73-A3A6-8D04E34314DB}.Release|Any CPU.ActiveCfg = Release|Any CPU
		{0A5EB258-D6AC-4A73-A3A6-8D04E34314DB}.Release|Any CPU.Build.0 = Release|Any CPU
		{2D45E9A3-63FE-4B8D-82DE-DAB074D46B58}.Debug|Any CPU.ActiveCfg = Debug|Any CPU
		{2D45E9A3-63FE-4B8D-82DE-DAB074D46B58}.Debug|Any CPU.Build.0 = Debug|Any CPU
		{2D45E9A3-63FE-4B8D-82DE-DAB074D46B58}.Release|Any CPU.ActiveCfg = Release|Any CPU
		{2D45E9A3-63FE-4B8D-82DE-DAB074D46B58}.Release|Any CPU.Build.0 = Release|Any CPU
	EndGlobalSection
	GlobalSection(SolutionProperties) = preSolution
		HideSolutionNode = FALSE
	EndGlobalSection
EndGlobal
